// !$*UTF8*$!
{
	archiveVersion = 1;
	classes = {
	};
	objectVersion = 50;
	objects = {

/* Begin PBXBuildFile section */
		272E826F2273D7C20098BE83 /* AppDelegate.swift in Sources */ = {isa = PBXBuildFile; fileRef = 272E826E2273D7C20098BE83 /* AppDelegate.swift */; };
		272E82712273D7C20098BE83 /* ViewController.swift in Sources */ = {isa = PBXBuildFile; fileRef = 272E82702273D7C20098BE83 /* ViewController.swift */; };
		272E82742273D7C20098BE83 /* Main.storyboard in Resources */ = {isa = PBXBuildFile; fileRef = 272E82722273D7C20098BE83 /* Main.storyboard */; };
		272E82762273D7C40098BE83 /* Assets.xcassets in Resources */ = {isa = PBXBuildFile; fileRef = 272E82752273D7C40098BE83 /* Assets.xcassets */; };
		272E82792273D7C40098BE83 /* LaunchScreen.storyboard in Resources */ = {isa = PBXBuildFile; fileRef = 272E82772273D7C40098BE83 /* LaunchScreen.storyboard */; };
		272E82862273D99A0098BE83 /* JsonToObjc.m in Sources */ = {isa = PBXBuildFile; fileRef = 272E82852273D99A0098BE83 /* JsonToObjc.m */; };
		272E82882273ED3C0098BE83 /* Timeline.swift in Sources */ = {isa = PBXBuildFile; fileRef = 272E82872273ED3C0098BE83 /* Timeline.swift */; };
		272E828A2273ED810098BE83 /* RealmEntity.swift in Sources */ = {isa = PBXBuildFile; fileRef = 272E82892273ED810098BE83 /* RealmEntity.swift */; };
		272E828D227405EE0098BE83 /* RealmProxy.m in Sources */ = {isa = PBXBuildFile; fileRef = 272E828C227405EE0098BE83 /* RealmProxy.m */; };
		7A77534014C49F1FD76C0A6D /* Pods_ObjcFromJson.framework in Frameworks */ = {isa = PBXBuildFile; fileRef = F99317AC7C0C473A31CBA7B6 /* Pods_ObjcFromJson.framework */; };
/* End PBXBuildFile section */

/* Begin PBXFileReference section */
		272E826B2273D7C20098BE83 /* ObjcFromJson.app */ = {isa = PBXFileReference; explicitFileType = wrapper.application; includeInIndex = 0; path = ObjcFromJson.app; sourceTree = BUILT_PRODUCTS_DIR; };
		272E826E2273D7C20098BE83 /* AppDelegate.swift */ = {isa = PBXFileReference; lastKnownFileType = sourcecode.swift; path = AppDelegate.swift; sourceTree = "<group>"; };
		272E82702273D7C20098BE83 /* ViewController.swift */ = {isa = PBXFileReference; lastKnownFileType = sourcecode.swift; path = ViewController.swift; sourceTree = "<group>"; };
		272E82732273D7C20098BE83 /* Base */ = {isa = PBXFileReference; lastKnownFileType = file.storyboard; name = Base; path = Base.lproj/Main.storyboard; sourceTree = "<group>"; };
		272E82752273D7C40098BE83 /* Assets.xcassets */ = {isa = PBXFileReference; lastKnownFileType = folder.assetcatalog; path = Assets.xcassets; sourceTree = "<group>"; };
		272E82782273D7C40098BE83 /* Base */ = {isa = PBXFileReference; lastKnownFileType = file.storyboard; name = Base; path = Base.lproj/LaunchScreen.storyboard; sourceTree = "<group>"; };
		272E827A2273D7C40098BE83 /* Info.plist */ = {isa = PBXFileReference; lastKnownFileType = text.plist.xml; path = Info.plist; sourceTree = "<group>"; };
		272E82802273D7F50098BE83 /* ObjcFromJson-Bridging-Header.h */ = {isa = PBXFileReference; lastKnownFileType = sourcecode.c.h; path = "ObjcFromJson-Bridging-Header.h"; sourceTree = "<group>"; };
		272E82842273D99A0098BE83 /* JsonToObjc.h */ = {isa = PBXFileReference; lastKnownFileType = sourcecode.c.h; path = JsonToObjc.h; sourceTree = "<group>"; };
		272E82852273D99A0098BE83 /* JsonToObjc.m */ = {isa = PBXFileReference; lastKnownFileType = sourcecode.c.objc; path = JsonToObjc.m; sourceTree = "<group>"; };
		272E82872273ED3C0098BE83 /* Timeline.swift */ = {isa = PBXFileReference; lastKnownFileType = sourcecode.swift; path = Timeline.swift; sourceTree = "<group>"; };
		272E82892273ED810098BE83 /* RealmEntity.swift */ = {isa = PBXFileReference; lastKnownFileType = sourcecode.swift; path = RealmEntity.swift; sourceTree = "<group>"; };
		272E828B227405EE0098BE83 /* RealmProxy.h */ = {isa = PBXFileReference; lastKnownFileType = sourcecode.c.h; path = RealmProxy.h; sourceTree = "<group>"; };
		272E828C227405EE0098BE83 /* RealmProxy.m */ = {isa = PBXFileReference; lastKnownFileType = sourcecode.c.objc; path = RealmProxy.m; sourceTree = "<group>"; };
		6B8A673B6DB1B06680C955B0 /* Pods-ObjcFromJson.release.xcconfig */ = {isa = PBXFileReference; includeInIndex = 1; lastKnownFileType = text.xcconfig; name = "Pods-ObjcFromJson.release.xcconfig"; path = "Target Support Files/Pods-ObjcFromJson/Pods-ObjcFromJson.release.xcconfig"; sourceTree = "<group>"; };
		CC599D5027429C43907F9B7D /* Pods-ObjcFromJson.debug.xcconfig */ = {isa = PBXFileReference; includeInIndex = 1; lastKnownFileType = text.xcconfig; name = "Pods-ObjcFromJson.debug.xcconfig"; path = "Target Support Files/Pods-ObjcFromJson/Pods-ObjcFromJson.debug.xcconfig"; sourceTree = "<group>"; };
		F99317AC7C0C473A31CBA7B6 /* Pods_ObjcFromJson.framework */ = {isa = PBXFileReference; explicitFileType = wrapper.framework; includeInIndex = 0; path = Pods_ObjcFromJson.framework; sourceTree = BUILT_PRODUCTS_DIR; };
/* End PBXFileReference section */

/* Begin PBXFrameworksBuildPhase section */
		272E82682273D7C20098BE83 /* Frameworks */ = {
			isa = PBXFrameworksBuildPhase;
			buildActionMask = 2147483647;
			files = (
				7A77534014C49F1FD76C0A6D /* Pods_ObjcFromJson.framework in Frameworks */,
			);
			runOnlyForDeploymentPostprocessing = 0;
		};
/* End PBXFrameworksBuildPhase section */

/* Begin PBXGroup section */
		272E82622273D7C20098BE83 = {
			isa = PBXGroup;
			children = (
				272E826D2273D7C20098BE83 /* ObjcFromJson */,
				272E826C2273D7C20098BE83 /* Products */,
				A185861F6911FFE5B32822BB /* Pods */,
				598C1752DB08A3370F5CC81F /* Frameworks */,
			);
			sourceTree = "<group>";
		};
		272E826C2273D7C20098BE83 /* Products */ = {
			isa = PBXGroup;
			children = (
				272E826B2273D7C20098BE83 /* ObjcFromJson.app */,
			);
			name = Products;
			sourceTree = "<group>";
		};
		272E826D2273D7C20098BE83 /* ObjcFromJson */ = {
			isa = PBXGroup;
			children = (
				272E826E2273D7C20098BE83 /* AppDelegate.swift */,
				272E82702273D7C20098BE83 /* ViewController.swift */,
				272E82722273D7C20098BE83 /* Main.storyboard */,
				272E82752273D7C40098BE83 /* Assets.xcassets */,
				272E82772273D7C40098BE83 /* LaunchScreen.storyboard */,
				272E827A2273D7C40098BE83 /* Info.plist */,
				272E82802273D7F50098BE83 /* ObjcFromJson-Bridging-Header.h */,
				272E82842273D99A0098BE83 /* JsonToObjc.h */,
				272E82852273D99A0098BE83 /* JsonToObjc.m */,
				272E828B227405EE0098BE83 /* RealmProxy.h */,
				272E828C227405EE0098BE83 /* RealmProxy.m */,
				272E82872273ED3C0098BE83 /* Timeline.swift */,
				272E82892273ED810098BE83 /* RealmEntity.swift */,
			);
			path = ObjcFromJson;
			sourceTree = "<group>";
		};
		598C1752DB08A3370F5CC81F /* Frameworks */ = {
			isa = PBXGroup;
			children = (
				F99317AC7C0C473A31CBA7B6 /* Pods_ObjcFromJson.framework */,
			);
			name = Frameworks;
			sourceTree = "<group>";
		};
		A185861F6911FFE5B32822BB /* Pods */ = {
			isa = PBXGroup;
			children = (
				CC599D5027429C43907F9B7D /* Pods-ObjcFromJson.debug.xcconfig */,
				6B8A673B6DB1B06680C955B0 /* Pods-ObjcFromJson.release.xcconfig */,
			);
			path = Pods;
			sourceTree = "<group>";
		};
/* End PBXGroup section */

/* Begin PBXNativeTarget section */
		272E826A2273D7C20098BE83 /* ObjcFromJson */ = {
			isa = PBXNativeTarget;
			buildConfigurationList = 272E827D2273D7C40098BE83 /* Build configuration list for PBXNativeTarget "ObjcFromJson" */;
			buildPhases = (
				2601C18334C9B0A43EABEE2D /* [CP] Check Pods Manifest.lock */,
				272E82672273D7C20098BE83 /* Sources */,
				272E82682273D7C20098BE83 /* Frameworks */,
				272E82692273D7C20098BE83 /* Resources */,
				4788A90D203516C59F29D432 /* [CP] Embed Pods Frameworks */,
			);
			buildRules = (
			);
			dependencies = (
			);
			name = ObjcFromJson;
			productName = ObjcFromJson;
			productReference = 272E826B2273D7C20098BE83 /* ObjcFromJson.app */;
			productType = "com.apple.product-type.application";
		};
/* End PBXNativeTarget section */

/* Begin PBXProject section */
		272E82632273D7C20098BE83 /* Project object */ = {
			isa = PBXProject;
			attributes = {
				LastSwiftUpdateCheck = 1010;
				LastUpgradeCheck = 1010;
				ORGANIZATIONNAME = "Felipe Lobo";
				TargetAttributes = {
					272E826A2273D7C20098BE83 = {
						CreatedOnToolsVersion = 10.1;
						LastSwiftMigration = 1010;
					};
				};
			};
			buildConfigurationList = 272E82662273D7C20098BE83 /* Build configuration list for PBXProject "ObjcFromJson" */;
			compatibilityVersion = "Xcode 9.3";
			developmentRegion = en;
			hasScannedForEncodings = 0;
			knownRegions = (
				en,
				Base,
			);
			mainGroup = 272E82622273D7C20098BE83;
			productRefGroup = 272E826C2273D7C20098BE83 /* Products */;
			projectDirPath = "";
			projectRoot = "";
			targets = (
				272E826A2273D7C20098BE83 /* ObjcFromJson */,
			);
		};
/* End PBXProject section */

/* Begin PBXResourcesBuildPhase section */
		272E82692273D7C20098BE83 /* Resources */ = {
			isa = PBXResourcesBuildPhase;
			buildActionMask = 2147483647;
			files = (
				272E82792273D7C40098BE83 /* LaunchScreen.storyboard in Resources */,
				272E82762273D7C40098BE83 /* Assets.xcassets in Resources */,
				272E82742273D7C20098BE83 /* Main.storyboard in Resources */,
			);
			runOnlyForDeploymentPostprocessing = 0;
		};
/* End PBXResourcesBuildPhase section */

/* Begin PBXShellScriptBuildPhase section */
		2601C18334C9B0A43EABEE2D /* [CP] Check Pods Manifest.lock */ = {
			isa = PBXShellScriptBuildPhase;
			buildActionMask = 2147483647;
			files = (
			);
			inputFileListPaths = (
			);
			inputPaths = (
				"${PODS_PODFILE_DIR_PATH}/Podfile.lock",
				"${PODS_ROOT}/Manifest.lock",
			);
			name = "[CP] Check Pods Manifest.lock";
			outputFileListPaths = (
			);
			outputPaths = (
				"$(DERIVED_FILE_DIR)/Pods-ObjcFromJson-checkManifestLockResult.txt",
			);
			runOnlyForDeploymentPostprocessing = 0;
			shellPath = /bin/sh;
			shellScript = "diff \"${PODS_PODFILE_DIR_PATH}/Podfile.lock\" \"${PODS_ROOT}/Manifest.lock\" > /dev/null\nif [ $? != 0 ] ; then\n    # print error to STDERR\n    echo \"error: The sandbox is not in sync with the Podfile.lock. Run 'pod install' or update your CocoaPods installation.\" >&2\n    exit 1\nfi\n# This output is used by Xcode 'outputs' to avoid re-running this script phase.\necho \"SUCCESS\" > \"${SCRIPT_OUTPUT_FILE_0}\"\n";
			showEnvVarsInLog = 0;
		};
		4788A90D203516C59F29D432 /* [CP] Embed Pods Frameworks */ = {
			isa = PBXShellScriptBuildPhase;
			buildActionMask = 2147483647;
			files = (
			);
			inputFileListPaths = (
			);
			inputPaths = (
				"${PODS_ROOT}/Target Support Files/Pods-ObjcFromJson/Pods-ObjcFromJson-frameworks.sh",
				"${BUILT_PRODUCTS_DIR}/Realm/Realm.framework",
				"${BUILT_PRODUCTS_DIR}/RealmSwift/RealmSwift.framework",
			);
			name = "[CP] Embed Pods Frameworks";
			outputFileListPaths = (
			);
			outputPaths = (
				"${TARGET_BUILD_DIR}/${FRAMEWORKS_FOLDER_PATH}/Realm.framework",
				"${TARGET_BUILD_DIR}/${FRAMEWORKS_FOLDER_PATH}/RealmSwift.framework",
			);
			runOnlyForDeploymentPostprocessing = 0;
			shellPath = /bin/sh;
			shellScript = "\"${PODS_ROOT}/Target Support Files/Pods-ObjcFromJson/Pods-ObjcFromJson-frameworks.sh\"\n";
			showEnvVarsInLog = 0;
		};
/* End PBXShellScriptBuildPhase section */

/* Begin PBXSourcesBuildPhase section */
		272E82672273D7C20098BE83 /* Sources */ = {
			isa = PBXSourcesBuildPhase;
			buildActionMask = 2147483647;
			files = (
				272E82882273ED3C0098BE83 /* Timeline.swift in Sources */,
				272E828A2273ED810098BE83 /* RealmEntity.swift in Sources */,
				272E82712273D7C20098BE83 /* ViewController.swift in Sources */,
				272E82862273D99A0098BE83 /* JsonToObjc.m in Sources */,
				272E828D227405EE0098BE83 /* RealmProxy.m in Sources */,
				272E826F2273D7C20098BE83 /* AppDelegate.swift in Sources */,
			);
			runOnlyForDeploymentPostprocessing = 0;
		};
/* End PBXSourcesBuildPhase section */

/* Begin PBXVariantGroup section */
		272E82722273D7C20098BE83 /* Main.storyboard */ = {
			isa = PBXVariantGroup;
			children = (
				272E82732273D7C20098BE83 /* Base */,
			);
			name = Main.storyboard;
			sourceTree = "<group>";
		};
		272E82772273D7C40098BE83 /* LaunchScreen.storyboard */ = {
			isa = PBXVariantGroup;
			children = (
				272E82782273D7C40098BE83 /* Base */,
			);
			name = LaunchScreen.storyboard;
			sourceTree = "<group>";
		};
/* End PBXVariantGroup section */

/* Begin XCBuildConfiguration section */
		272E827B2273D7C40098BE83 /* Debug */ = {
			isa = XCBuildConfiguration;
			buildSettings = {
				ALWAYS_SEARCH_USER_PATHS = NO;
				CLANG_ANALYZER_NONNULL = YES;
				CLANG_ANALYZER_NUMBER_OBJECT_CONVERSION = YES_AGGRESSIVE;
				CLANG_CXX_LANGUAGE_STANDARD = "gnu++14";
				CLANG_CXX_LIBRARY = "libc++";
				CLANG_ENABLE_MODULES = YES;
				CLANG_ENABLE_OBJC_ARC = YES;
				CLANG_ENABLE_OBJC_WEAK = YES;
				CLANG_WARN_BLOCK_CAPTURE_AUTORELEASING = YES;
				CLANG_WARN_BOOL_CONVERSION = YES;
				CLANG_WARN_COMMA = YES;
				CLANG_WARN_CONSTANT_CONVERSION = YES;
				CLANG_WARN_DEPRECATED_OBJC_IMPLEMENTATIONS = YES;
				CLANG_WARN_DIRECT_OBJC_ISA_USAGE = YES_ERROR;
				CLANG_WARN_DOCUMENTATION_COMMENTS = YES;
				CLANG_WARN_EMPTY_BODY = YES;
				CLANG_WARN_ENUM_CONVERSION = YES;
				CLANG_WARN_INFINITE_RECURSION = YES;
				CLANG_WARN_INT_CONVERSION = YES;
				CLANG_WARN_NON_LITERAL_NULL_CONVERSION = YES;
				CLANG_WARN_OBJC_IMPLICIT_RETAIN_SELF = YES;
				CLANG_WARN_OBJC_LITERAL_CONVERSION = YES;
				CLANG_WARN_OBJC_ROOT_CLASS = YES_ERROR;
				CLANG_WARN_RANGE_LOOP_ANALYSIS = YES;
				CLANG_WARN_STRICT_PROTOTYPES = YES;
				CLANG_WARN_SUSPICIOUS_MOVE = YES;
				CLANG_WARN_UNGUARDED_AVAILABILITY = YES_AGGRESSIVE;
				CLANG_WARN_UNREACHABLE_CODE = YES;
				CLANG_WARN__DUPLICATE_METHOD_MATCH = YES;
				CODE_SIGN_IDENTITY = "iPhone Developer";
				COPY_PHASE_STRIP = NO;
				DEBUG_INFORMATION_FORMAT = dwarf;
				ENABLE_STRICT_OBJC_MSGSEND = YES;
				ENABLE_TESTABILITY = YES;
				GCC_C_LANGUAGE_STANDARD = gnu11;
				GCC_DYNAMIC_NO_PIC = NO;
				GCC_NO_COMMON_BLOCKS = YES;
				GCC_OPTIMIZATION_LEVEL = 0;
				GCC_PREPROCESSOR_DEFINITIONS = (
					"DEBUG=1",
					"$(inherited)",
				);
				GCC_WARN_64_TO_32_BIT_CONVERSION = YES;
				GCC_WARN_ABOUT_RETURN_TYPE = YES_ERROR;
				GCC_WARN_UNDECLARED_SELECTOR = YES;
				GCC_WARN_UNINITIALIZED_AUTOS = YES_AGGRESSIVE;
				GCC_WARN_UNUSED_FUNCTION = YES;
				GCC_WARN_UNUSED_VARIABLE = YES;
				IPHONEOS_DEPLOYMENT_TARGET = 12.1;
				MTL_ENABLE_DEBUG_INFO = INCLUDE_SOURCE;
				MTL_FAST_MATH = YES;
				ONLY_ACTIVE_ARCH = YES;
				SDKROOT = iphoneos;
				SWIFT_ACTIVE_COMPILATION_CONDITIONS = DEBUG;
				SWIFT_OPTIMIZATION_LEVEL = "-Onone";
			};
			name = Debug;
		};
		272E827C2273D7C40098BE83 /* Release */ = {
			isa = XCBuildConfiguration;
			buildSettings = {
				ALWAYS_SEARCH_USER_PATHS = NO;
				CLANG_ANALYZER_NONNULL = YES;
				CLANG_ANALYZER_NUMBER_OBJECT_CONVERSION = YES_AGGRESSIVE;
				CLANG_CXX_LANGUAGE_STANDARD = "gnu++14";
				CLANG_CXX_LIBRARY = "libc++";
				CLANG_ENABLE_MODULES = YES;
				CLANG_ENABLE_OBJC_ARC = YES;
				CLANG_ENABLE_OBJC_WEAK = YES;
				CLANG_WARN_BLOCK_CAPTURE_AUTORELEASING = YES;
				CLANG_WARN_BOOL_CONVERSION = YES;
				CLANG_WARN_COMMA = YES;
				CLANG_WARN_CONSTANT_CONVERSION = YES;
				CLANG_WARN_DEPRECATED_OBJC_IMPLEMENTATIONS = YES;
				CLANG_WARN_DIRECT_OBJC_ISA_USAGE = YES_ERROR;
				CLANG_WARN_DOCUMENTATION_COMMENTS = YES;
				CLANG_WARN_EMPTY_BODY = YES;
				CLANG_WARN_ENUM_CONVERSION = YES;
				CLANG_WARN_INFINITE_RECURSION = YES;
				CLANG_WARN_INT_CONVERSION = YES;
				CLANG_WARN_NON_LITERAL_NULL_CONVERSION = YES;
				CLANG_WARN_OBJC_IMPLICIT_RETAIN_SELF = YES;
				CLANG_WARN_OBJC_LITERAL_CONVERSION = YES;
				CLANG_WARN_OBJC_ROOT_CLASS = YES_ERROR;
				CLANG_WARN_RANGE_LOOP_ANALYSIS = YES;
				CLANG_WARN_STRICT_PROTOTYPES = YES;
				CLANG_WARN_SUSPICIOUS_MOVE = YES;
				CLANG_WARN_UNGUARDED_AVAILABILITY = YES_AGGRESSIVE;
				CLANG_WARN_UNREACHABLE_CODE = YES;
				CLANG_WARN__DUPLICATE_METHOD_MATCH = YES;
				CODE_SIGN_IDENTITY = "iPhone Developer";
				COPY_PHASE_STRIP = NO;
				DEBUG_INFORMATION_FORMAT = "dwarf-with-dsym";
				ENABLE_NS_ASSERTIONS = NO;
				ENABLE_STRICT_OBJC_MSGSEND = YES;
				GCC_C_LANGUAGE_STANDARD = gnu11;
				GCC_NO_COMMON_BLOCKS = YES;
				GCC_WARN_64_TO_32_BIT_CONVERSION = YES;
				GCC_WARN_ABOUT_RETURN_TYPE = YES_ERROR;
				GCC_WARN_UNDECLARED_SELECTOR = YES;
				GCC_WARN_UNINITIALIZED_AUTOS = YES_AGGRESSIVE;
				GCC_WARN_UNUSED_FUNCTION = YES;
				GCC_WARN_UNUSED_VARIABLE = YES;
				IPHONEOS_DEPLOYMENT_TARGET = 12.1;
				MTL_ENABLE_DEBUG_INFO = NO;
				MTL_FAST_MATH = YES;
				SDKROOT = iphoneos;
				SWIFT_COMPILATION_MODE = wholemodule;
				SWIFT_OPTIMIZATION_LEVEL = "-O";
				VALIDATE_PRODUCT = YES;
			};
			name = Release;
		};
		272E827E2273D7C40098BE83 /* Debug */ = {
			isa = XCBuildConfiguration;
			baseConfigurationReference = CC599D5027429C43907F9B7D /* Pods-ObjcFromJson.debug.xcconfig */;
			buildSettings = {
				ASSETCATALOG_COMPILER_APPICON_NAME = AppIcon;
				CLANG_ENABLE_MODULES = YES;
				CODE_SIGN_STYLE = Automatic;
				DEVELOPMENT_TEAM = 47LVS8UB5Q;
				INFOPLIST_FILE = ObjcFromJson/Info.plist;
				LD_RUNPATH_SEARCH_PATHS = (
					"$(inherited)",
					"@executable_path/Frameworks",
				);
				PRODUCT_BUNDLE_IDENTIFIER = com.copyisright.ObjcFromJson;
				PRODUCT_NAME = "$(TARGET_NAME)";
				SWIFT_OBJC_BRIDGING_HEADER = "ObjcFromJson/ObjcFromJson-Bridging-Header.h";
				SWIFT_OPTIMIZATION_LEVEL = "-Onone";
				SWIFT_VERSION = 4.2;
				TARGETED_DEVICE_FAMILY = "1,2";
			};
			name = Debug;
		};
		272E827F2273D7C40098BE83 /* Release */ = {
			isa = XCBuildConfiguration;
			baseConfigurationReference = 6B8A673B6DB1B06680C955B0 /* Pods-ObjcFromJson.release.xcconfig */;
			buildSettings = {
				ASSETCATALOG_COMPILER_APPICON_NAME = AppIcon;
				CLANG_ENABLE_MODULES = YES;
				CODE_SIGN_STYLE = Automatic;
				DEVELOPMENT_TEAM = 47LVS8UB5Q;
				INFOPLIST_FILE = ObjcFromJson/Info.plist;
				LD_RUNPATH_SEARCH_PATHS = (
					"$(inherited)",
					"@executable_path/Frameworks",
				);
				PRODUCT_BUNDLE_IDENTIFIER = com.copyisright.ObjcFromJson;
				PRODUCT_NAME = "$(TARGET_NAME)";
				SWIFT_OBJC_BRIDGING_HEADER = "ObjcFromJson/ObjcFromJson-Bridging-Header.h";
				SWIFT_VERSION = 4.2;
				TARGETED_DEVICE_FAMILY = "1,2";
			};
			name = Release;
		};
/* End XCBuildConfiguration section */

/* Begin XCConfigurationList section */
		272E82662273D7C20098BE83 /* Build configuration list for PBXProject "ObjcFromJson" */ = {
			isa = XCConfigurationList;
			buildConfigurations = (
				272E827B2273D7C40098BE83 /* Debug */,
				272E827C2273D7C40098BE83 /* Release */,
			);
			defaultConfigurationIsVisible = 0;
			defaultConfigurationName = Release;
		};
		272E827D2273D7C40098BE83 /* Build configuration list for PBXNativeTarget "ObjcFromJson" */ = {
			isa = XCConfigurationList;
			buildConfigurations = (
				272E827E2273D7C40098BE83 /* Debug */,
				272E827F2273D7C40098BE83 /* Release */,
			);
			defaultConfigurationIsVisible = 0;
			defaultConfigurationName = Release;
		};
/* End XCConfigurationList section */
	};
	rootObject = 272E82632273D7C20098BE83 /* Project object */;
}
